
Microsoft Visual Studio Solution File, Format Version 12.00
# Visual Studio Version 17
VisualStudioVersion = 17.2.32526.322
MinimumVisualStudioVersion = 10.0.40219.1
Project("{2150E333-8FDC-42A3-9474-1A3956D46DE8}") = "Application", "Application", "{8F2C8508-FEB8-46D3-A9CA-D838C43239D9}"
EndProject
Project("{2150E333-8FDC-42A3-9474-1A3956D46DE8}") = "Domain", "Domain", "{AD10A1F9-183B-4A9C-AFB1-144A3FBCC1AD}"
EndProject
Project("{2150E333-8FDC-42A3-9474-1A3956D46DE8}") = "Infra.loc", "Infra.loc", "{4E111F67-6CA3-4DA4-A8D4-73E6ECC5F440}"
EndProject
Project("{2150E333-8FDC-42A3-9474-1A3956D46DE8}") = "Infra.Data", "Infra.Data", "{76BA6175-6462-4111-9FBB-982D94F07611}"
EndProject
Project("{2150E333-8FDC-42A3-9474-1A3956D46DE8}") = "Presentation", "Presentation", "{743B832F-3ADF-4A31-A7A3-BC4985158A55}"
EndProject
Project("{FAE04EC0-301F-11D3-BF4B-00C04F79EFBC}") = "CleanArch.Mvc", "CleanArch.Mvc\CleanArch.Mvc.csproj", "{C8C5F3A2-D284-42C9-9456-91B1CCEB7CF3}"
EndProject
Project("{FAE04EC0-301F-11D3-BF4B-00C04F79EFBC}") = "CleanArch.Domain", "CleanArch.Domain\CleanArch.Domain.csproj", "{0E5DE71F-2A08-48AA-898C-A31E67C5EDA3}"
EndProject
Global
	GlobalSection(SolutionConfigurationPlatforms) = preSolution
		Debug|Any CPU = Debug|Any CPU
		Release|Any CPU = Release|Any CPU
	EndGlobalSection
	GlobalSection(ProjectConfigurationPlatforms) = postSolution
		{C8C5F3A2-D284-42C9-9456-91B1CCEB7CF3}.Debug|Any CPU.ActiveCfg = Debug|Any CPU
		{C8C5F3A2-D284-42C9-9456-91B1CCEB7CF3}.Debug|Any CPU.Build.0 = Debug|Any CPU
		{C8C5F3A2-D284-42C9-9456-91B1CCEB7CF3}.Release|Any CPU.ActiveCfg = Release|Any CPU
		{C8C5F3A2-D284-42C9-9456-91B1CCEB7CF3}.Release|Any CPU.Build.0 = Release|Any CPU
		{0E5DE71F-2A08-48AA-898C-A31E67C5EDA3}.Debug|Any CPU.ActiveCfg = Debug|Any CPU
		{0E5DE71F-2A08-48AA-898C-A31E67C5EDA3}.Debug|Any CPU.Build.0 = Debug|Any CPU
		{0E5DE71F-2A08-48AA-898C-A31E67C5EDA3}.Release|Any CPU.ActiveCfg = Release|Any CPU
		{0E5DE71F-2A08-48AA-898C-A31E67C5EDA3}.Release|Any CPU.Build.0 = Release|Any CPU
	EndGlobalSection
	GlobalSection(SolutionProperties) = preSolution
		HideSolutionNode = FALSE
	EndGlobalSection
	GlobalSection(NestedProjects) = preSolution
		{C8C5F3A2-D284-42C9-9456-91B1CCEB7CF3} = {743B832F-3ADF-4A31-A7A3-BC4985158A55}
		{0E5DE71F-2A08-48AA-898C-A31E67C5EDA3} = {AD10A1F9-183B-4A9C-AFB1-144A3FBCC1AD}
	EndGlobalSection
	GlobalSection(ExtensibilityGlobals) = postSolution
		SolutionGuid = {4A464D1E-5B13-4C57-AA35-638F5D818DBC}
	EndGlobalSection
EndGlobal
